
Microsoft Visual Studio Solution File, Format Version 12.00
# Visual Studio Version 16
VisualStudioVersion = 16.0.29306.81
MinimumVisualStudioVersion = 10.0.40219.1
Project("{FAE04EC0-301F-11D3-BF4B-00C04F79EFBC}") = "Moms_website", "Moms_website.csproj", "{1DDE6443-B36E-4A0C-BB5A-1E5B200AB163}"
EndProject
Global
	GlobalSection(SolutionConfigurationPlatforms) = preSolution
		Debug|Any CPU = Debug|Any CPU
		Release|Any CPU = Release|Any CPU
	EndGlobalSection
	GlobalSection(ProjectConfigurationPlatforms) = postSolution
		{1DDE6443-B36E-4A0C-BB5A-1E5B200AB163}.Debug|Any CPU.ActiveCfg = Debug|Any CPU
		{1DDE6443-B36E-4A0C-BB5A-1E5B200AB163}.Debug|Any CPU.Build.0 = Debug|Any CPU
		{1DDE6443-B36E-4A0C-BB5A-1E5B200AB163}.Release|Any CPU.ActiveCfg = Release|Any CPU
		{1DDE6443-B36E-4A0C-BB5A-1E5B200AB163}.Release|Any CPU.Build.0 = Release|Any CPU
	EndGlobalSection
	GlobalSection(SolutionProperties) = preSolution
		HideSolutionNode = FALSE
	EndGlobalSection
	GlobalSection(ExtensibilityGlobals) = postSolution
		SolutionGuid = {22E40B00-15EB-42F0-B699-41E30E6B2F77}
	EndGlobalSection
EndGlobal
